{
  "version": 4,
  "terraform_version": "1.2.9",
  "serial": 8,
  "lineage": "a616b184-53cb-8899-a7d5-a9eb560b7253",
  "outputs": {},
  "resources": [
    {
      "mode": "data",
      "type": "aws_availability_zone",
      "name": "az",
      "provider": "provider[\"registry.terraform.io/hashicorp/aws\"]",
      "instances": [
        {
          "schema_version": 0,
          "attributes": {
            "all_availability_zones": null,
            "filter": null,
            "group_name": "ap-northeast-2",
            "id": "ap-northeast-2a",
            "name": "ap-northeast-2a",
            "name_suffix": "a",
            "network_border_group": "ap-northeast-2",
            "opt_in_status": "opt-in-not-required",
            "parent_zone_id": "",
            "parent_zone_name": "",
            "region": "ap-northeast-2",
            "state": "available",
            "timeouts": null,
            "zone_id": "apne2-az1",
            "zone_type": "availability-zone"
          },
          "sensitive_attributes": []
        }
      ]
    },
    {
      "mode": "managed",
      "type": "aws_default_route_table",
      "name": "route_table",
      "provider": "provider[\"registry.terraform.io/hashicorp/aws\"]",
      "instances": [
        {
          "schema_version": 0,
          "attributes": {
            "arn": "arn:aws:ec2:ap-northeast-2:282398598576:route-table/rtb-0d094a97f2ac6d87f",
            "default_route_table_id": "rtb-0d094a97f2ac6d87f",
            "id": "rtb-0d094a97f2ac6d87f",
            "owner_id": "282398598576",
            "propagating_vgws": [],
            "route": [],
            "tags": {
              "Name": "default route table"
            },
            "tags_all": {
              "Name": "default route table"
            },
            "timeouts": null,
            "vpc_id": "vpc-0d93f124a37a1e97f"
          },
          "sensitive_attributes": [],
          "private": "eyJlMmJmYjczMC1lY2FhLTExZTYtOGY4OC0zNDM2M2JjN2M0YzAiOnsiY3JlYXRlIjoxMjAwMDAwMDAwMDAsInVwZGF0ZSI6MTIwMDAwMDAwMDAwfX0=",
          "dependencies": [
            "aws_vpc.vpc"
          ]
        }
      ]
    },
    {
      "mode": "managed",
      "type": "aws_subnet",
      "name": "public_subnet",
      "provider": "provider[\"registry.terraform.io/hashicorp/aws\"]",
      "instances": [
        {
          "schema_version": 1,
          "attributes": {
            "arn": "arn:aws:ec2:ap-northeast-2:282398598576:subnet/subnet-0cfb7d73bed918463",
            "assign_ipv6_address_on_creation": false,
            "availability_zone": "ap-northeast-2a",
            "availability_zone_id": "apne2-az1",
            "cidr_block": "10.10.1.0/24",
            "customer_owned_ipv4_pool": "",
            "enable_dns64": false,
            "enable_resource_name_dns_a_record_on_launch": false,
            "enable_resource_name_dns_aaaa_record_on_launch": false,
            "id": "subnet-0cfb7d73bed918463",
            "ipv6_cidr_block": "",
            "ipv6_cidr_block_association_id": "",
            "ipv6_native": false,
            "map_customer_owned_ip_on_launch": false,
            "map_public_ip_on_launch": false,
            "outpost_arn": "",
            "owner_id": "282398598576",
            "private_dns_hostname_type_on_launch": "ip-name",
            "tags": {
              "Name": "public subnet"
            },
            "tags_all": {
              "Name": "public subnet"
            },
            "timeouts": null,
            "vpc_id": "vpc-0d93f124a37a1e97f"
          },
          "sensitive_attributes": [],
          "private": "eyJlMmJmYjczMC1lY2FhLTExZTYtOGY4OC0zNDM2M2JjN2M0YzAiOnsiY3JlYXRlIjo2MDAwMDAwMDAwMDAsImRlbGV0ZSI6MTIwMDAwMDAwMDAwMH0sInNjaGVtYV92ZXJzaW9uIjoiMSJ9",
          "dependencies": [
            "aws_vpc.vpc",
            "data.aws_availability_zone.az"
          ]
        }
      ]
    },
    {
      "mode": "managed",
      "type": "aws_vpc",
      "name": "vpc",
      "provider": "provider[\"registry.terraform.io/hashicorp/aws\"]",
      "instances": [
        {
          "schema_version": 1,
          "attributes": {
            "arn": "arn:aws:ec2:ap-northeast-2:282398598576:vpc/vpc-0d93f124a37a1e97f",
            "assign_generated_ipv6_cidr_block": false,
            "cidr_block": "10.10.0.0/16",
            "default_network_acl_id": "acl-06903edeb4d8bf11f",
            "default_route_table_id": "rtb-0d094a97f2ac6d87f",
            "default_security_group_id": "sg-02d865b1d7d9c83fc",
            "dhcp_options_id": "dopt-0204217d5208e1545",
            "enable_classiclink": false,
            "enable_classiclink_dns_support": false,
            "enable_dns_hostnames": true,
            "enable_dns_support": true,
            "id": "vpc-0d93f124a37a1e97f",
            "instance_tenancy": "default",
            "ipv4_ipam_pool_id": null,
            "ipv4_netmask_length": null,
            "ipv6_association_id": "",
            "ipv6_cidr_block": "",
            "ipv6_cidr_block_network_border_group": "",
            "ipv6_ipam_pool_id": "",
            "ipv6_netmask_length": 0,
            "main_route_table_id": "rtb-0d094a97f2ac6d87f",
            "owner_id": "282398598576",
            "tags": {
              "Name": "vpc"
            },
            "tags_all": {
              "Name": "vpc"
            }
          },
          "sensitive_attributes": [],
          "private": "eyJzY2hlbWFfdmVyc2lvbiI6IjEifQ=="
        }
      ]
    }
  ]
}
